
Microsoft Visual Studio Solution File, Format Version 12.00
# Visual Studio Version 16
VisualStudioVersion = 16.0.28803.352
MinimumVisualStudioVersion = 10.0.40219.1
Project("{FAE04EC0-301F-11D3-BF4B-00C04F79EFBC}") = "X02", "X02\X02.csproj", "{E25947A1-20BA-41E3-BC91-DBC7000D2DD1}"
EndProject
Global
	GlobalSection(SolutionConfigurationPlatforms) = preSolution
		Debug|Any CPU = Debug|Any CPU
		Release|Any CPU = Release|Any CPU
	EndGlobalSection
	GlobalSection(ProjectConfigurationPlatforms) = postSolution
		{E25947A1-20BA-41E3-BC91-DBC7000D2DD1}.Debug|Any CPU.ActiveCfg = Debug|Any CPU
		{E25947A1-20BA-41E3-BC91-DBC7000D2DD1}.Debug|Any CPU.Build.0 = Debug|Any CPU
		{E25947A1-20BA-41E3-BC91-DBC7000D2DD1}.Release|Any CPU.ActiveCfg = Release|Any CPU
		{E25947A1-20BA-41E3-BC91-DBC7000D2DD1}.Release|Any CPU.Build.0 = Release|Any CPU
	EndGlobalSection
	GlobalSection(SolutionProperties) = preSolution
		HideSolutionNode = FALSE
	EndGlobalSection
	GlobalSection(ExtensibilityGlobals) = postSolution
		SolutionGuid = {4070DD07-4B3D-4E80-A29B-8EA63FFFA92F}
	EndGlobalSection
EndGlobal
